
Microsoft Visual Studio Solution File, Format Version 12.00
# Visual Studio 14
VisualStudioVersion = 14.0.24720.0
MinimumVisualStudioVersion = 10.0.40219.1
Project("{FAE04EC0-301F-11D3-BF4B-00C04F79EFBC}") = "PBIE_RLS_Sample", "WebApplication3\PBIE_RLS_Sample.csproj", "{3EB99EAC-351B-420F-A477-DDD3E422F001}"
EndProject
Global
	GlobalSection(SolutionConfigurationPlatforms) = preSolution
		Debug|Any CPU = Debug|Any CPU
		Release|Any CPU = Release|Any CPU
	EndGlobalSection
	GlobalSection(ProjectConfigurationPlatforms) = postSolution
		{3EB99EAC-351B-420F-A477-DDD3E422F001}.Debug|Any CPU.ActiveCfg = Debug|Any CPU
		{3EB99EAC-351B-420F-A477-DDD3E422F001}.Debug|Any CPU.Build.0 = Debug|Any CPU
		{3EB99EAC-351B-420F-A477-DDD3E422F001}.Release|Any CPU.ActiveCfg = Release|Any CPU
		{3EB99EAC-351B-420F-A477-DDD3E422F001}.Release|Any CPU.Build.0 = Release|Any CPU
	EndGlobalSection
	GlobalSection(SolutionProperties) = preSolution
		HideSolutionNode = FALSE
	EndGlobalSection
EndGlobal
